// !$*UTF8*$!
{
	archiveVersion = 1;
	classes = {
	};
	objectVersion = 56;
	objects = {

/* Begin PBXBuildFile section */
		571503FE2BFA62EB00647F88 /* ios_challengeApp.swift in Sources */ = {isa = PBXBuildFile; fileRef = 571503FD2BFA62EB00647F88 /* ios_challengeApp.swift */; };
		571504002BFA62EB00647F88 /* ContentView.swift in Sources */ = {isa = PBXBuildFile; fileRef = 571503FF2BFA62EB00647F88 /* ContentView.swift */; };
		571504022BFA62ED00647F88 /* Assets.xcassets in Resources */ = {isa = PBXBuildFile; fileRef = 571504012BFA62ED00647F88 /* Assets.xcassets */; };
		571504052BFA62ED00647F88 /* Preview Assets.xcassets in Resources */ = {isa = PBXBuildFile; fileRef = 571504042BFA62ED00647F88 /* Preview Assets.xcassets */; };
		5715040F2BFA62ED00647F88 /* ios_challengeTests.swift in Sources */ = {isa = PBXBuildFile; fileRef = 5715040E2BFA62ED00647F88 /* ios_challengeTests.swift */; };
		571504192BFA62ED00647F88 /* ios_challengeUITests.swift in Sources */ = {isa = PBXBuildFile; fileRef = 571504182BFA62ED00647F88 /* ios_challengeUITests.swift */; };
		5715041B2BFA62ED00647F88 /* ios_challengeUITestsLaunchTests.swift in Sources */ = {isa = PBXBuildFile; fileRef = 5715041A2BFA62ED00647F88 /* ios_challengeUITestsLaunchTests.swift */; };
		5715042F2BFA9D0100647F88 /* PostModel.swift in Sources */ = {isa = PBXBuildFile; fileRef = 5715042E2BFA9D0100647F88 /* PostModel.swift */; };
		571504342BFA9D6600647F88 /* PostListView.swift in Sources */ = {isa = PBXBuildFile; fileRef = 571504332BFA9D6600647F88 /* PostListView.swift */; };
		571504362BFA9F3C00647F88 /* PostsViewModel.swift in Sources */ = {isa = PBXBuildFile; fileRef = 571504352BFA9F3C00647F88 /* PostsViewModel.swift */; };
		5715043A2BFA9FB400647F88 /* APIservice.swift in Sources */ = {isa = PBXBuildFile; fileRef = 571504392BFA9FB400647F88 /* APIservice.swift */; };
		5715043C2BFAA46600647F88 /* PostItemView.swift in Sources */ = {isa = PBXBuildFile; fileRef = 5715043B2BFAA46600647F88 /* PostItemView.swift */; };
		571504402BFAABEB00647F88 /* UserModel.swift in Sources */ = {isa = PBXBuildFile; fileRef = 5715043F2BFAABEB00647F88 /* UserModel.swift */; };
		571504422BFAB5AD00647F88 /* PostDetailView.swift in Sources */ = {isa = PBXBuildFile; fileRef = 571504412BFAB5AD00647F88 /* PostDetailView.swift */; };
		571504442BFAB7F000647F88 /* TagLabelView.swift in Sources */ = {isa = PBXBuildFile; fileRef = 571504432BFAB7F000647F88 /* TagLabelView.swift */; };
		571504472BFAC4D700647F88 /* UserListView.swift in Sources */ = {isa = PBXBuildFile; fileRef = 571504462BFAC4D700647F88 /* UserListView.swift */; };
		5715044A2BFAC50F00647F88 /* UsersViewModel.swift in Sources */ = {isa = PBXBuildFile; fileRef = 571504492BFAC50F00647F88 /* UsersViewModel.swift */; };
		5715044C2BFAC5BF00647F88 /* UserItemView.swift in Sources */ = {isa = PBXBuildFile; fileRef = 5715044B2BFAC5BF00647F88 /* UserItemView.swift */; };
		5715044E2BFAC9C000647F88 /* UserDetailView.swift in Sources */ = {isa = PBXBuildFile; fileRef = 5715044D2BFAC9C000647F88 /* UserDetailView.swift */; };
		571504502BFACC9400647F88 /* Extensions.swift in Sources */ = {isa = PBXBuildFile; fileRef = 5715044F2BFACC9400647F88 /* Extensions.swift */; };
		571504522BFADAFA00647F88 /* UserMapView.swift in Sources */ = {isa = PBXBuildFile; fileRef = 571504512BFADAFA00647F88 /* UserMapView.swift */; };
/* End PBXBuildFile section */

/* Begin PBXContainerItemProxy section */
		5715040B2BFA62ED00647F88 /* PBXContainerItemProxy */ = {
			isa = PBXContainerItemProxy;
			containerPortal = 571503F22BFA62EB00647F88 /* Project object */;
			proxyType = 1;
			remoteGlobalIDString = 571503F92BFA62EB00647F88;
			remoteInfo = "ios-challenge";
		};
		571504152BFA62ED00647F88 /* PBXContainerItemProxy */ = {
			isa = PBXContainerItemProxy;
			containerPortal = 571503F22BFA62EB00647F88 /* Project object */;
			proxyType = 1;
			remoteGlobalIDString = 571503F92BFA62EB00647F88;
			remoteInfo = "ios-challenge";
		};
/* End PBXContainerItemProxy section */

/* Begin PBXFileReference section */
		571503FA2BFA62EB00647F88 /* ios-challenge.app */ = {isa = PBXFileReference; explicitFileType = wrapper.application; includeInIndex = 0; path = "ios-challenge.app"; sourceTree = BUILT_PRODUCTS_DIR; };
		571503FD2BFA62EB00647F88 /* ios_challengeApp.swift */ = {isa = PBXFileReference; lastKnownFileType = sourcecode.swift; path = ios_challengeApp.swift; sourceTree = "<group>"; };
		571503FF2BFA62EB00647F88 /* ContentView.swift */ = {isa = PBXFileReference; lastKnownFileType = sourcecode.swift; path = ContentView.swift; sourceTree = "<group>"; };
		571504012BFA62ED00647F88 /* Assets.xcassets */ = {isa = PBXFileReference; lastKnownFileType = folder.assetcatalog; path = Assets.xcassets; sourceTree = "<group>"; };
		571504042BFA62ED00647F88 /* Preview Assets.xcassets */ = {isa = PBXFileReference; lastKnownFileType = folder.assetcatalog; path = "Preview Assets.xcassets"; sourceTree = "<group>"; };
		5715040A2BFA62ED00647F88 /* ios-challengeTests.xctest */ = {isa = PBXFileReference; explicitFileType = wrapper.cfbundle; includeInIndex = 0; path = "ios-challengeTests.xctest"; sourceTree = BUILT_PRODUCTS_DIR; };
		5715040E2BFA62ED00647F88 /* ios_challengeTests.swift */ = {isa = PBXFileReference; lastKnownFileType = sourcecode.swift; path = ios_challengeTests.swift; sourceTree = "<group>"; };
		571504142BFA62ED00647F88 /* ios-challengeUITests.xctest */ = {isa = PBXFileReference; explicitFileType = wrapper.cfbundle; includeInIndex = 0; path = "ios-challengeUITests.xctest"; sourceTree = BUILT_PRODUCTS_DIR; };
		571504182BFA62ED00647F88 /* ios_challengeUITests.swift */ = {isa = PBXFileReference; lastKnownFileType = sourcecode.swift; path = ios_challengeUITests.swift; sourceTree = "<group>"; };
		5715041A2BFA62ED00647F88 /* ios_challengeUITestsLaunchTests.swift */ = {isa = PBXFileReference; lastKnownFileType = sourcecode.swift; path = ios_challengeUITestsLaunchTests.swift; sourceTree = "<group>"; };
		5715042E2BFA9D0100647F88 /* PostModel.swift */ = {isa = PBXFileReference; lastKnownFileType = sourcecode.swift; path = PostModel.swift; sourceTree = "<group>"; };
		571504332BFA9D6600647F88 /* PostListView.swift */ = {isa = PBXFileReference; lastKnownFileType = sourcecode.swift; path = PostListView.swift; sourceTree = "<group>"; };
		571504352BFA9F3C00647F88 /* PostsViewModel.swift */ = {isa = PBXFileReference; lastKnownFileType = sourcecode.swift; path = PostsViewModel.swift; sourceTree = "<group>"; };
		571504392BFA9FB400647F88 /* APIservice.swift */ = {isa = PBXFileReference; lastKnownFileType = sourcecode.swift; path = APIservice.swift; sourceTree = "<group>"; };
		5715043B2BFAA46600647F88 /* PostItemView.swift */ = {isa = PBXFileReference; lastKnownFileType = sourcecode.swift; path = PostItemView.swift; sourceTree = "<group>"; };
		5715043F2BFAABEB00647F88 /* UserModel.swift */ = {isa = PBXFileReference; lastKnownFileType = sourcecode.swift; path = UserModel.swift; sourceTree = "<group>"; };
		571504412BFAB5AD00647F88 /* PostDetailView.swift */ = {isa = PBXFileReference; lastKnownFileType = sourcecode.swift; path = PostDetailView.swift; sourceTree = "<group>"; };
		571504432BFAB7F000647F88 /* TagLabelView.swift */ = {isa = PBXFileReference; lastKnownFileType = sourcecode.swift; path = TagLabelView.swift; sourceTree = "<group>"; };
		571504462BFAC4D700647F88 /* UserListView.swift */ = {isa = PBXFileReference; lastKnownFileType = sourcecode.swift; path = UserListView.swift; sourceTree = "<group>"; };
		571504492BFAC50F00647F88 /* UsersViewModel.swift */ = {isa = PBXFileReference; lastKnownFileType = sourcecode.swift; path = UsersViewModel.swift; sourceTree = "<group>"; };
		5715044B2BFAC5BF00647F88 /* UserItemView.swift */ = {isa = PBXFileReference; lastKnownFileType = sourcecode.swift; path = UserItemView.swift; sourceTree = "<group>"; };
		5715044D2BFAC9C000647F88 /* UserDetailView.swift */ = {isa = PBXFileReference; lastKnownFileType = sourcecode.swift; path = UserDetailView.swift; sourceTree = "<group>"; };
		5715044F2BFACC9400647F88 /* Extensions.swift */ = {isa = PBXFileReference; lastKnownFileType = sourcecode.swift; path = Extensions.swift; sourceTree = "<group>"; };
		571504512BFADAFA00647F88 /* UserMapView.swift */ = {isa = PBXFileReference; lastKnownFileType = sourcecode.swift; path = UserMapView.swift; sourceTree = "<group>"; };
/* End PBXFileReference section */

/* Begin PBXFrameworksBuildPhase section */
		571503F72BFA62EB00647F88 /* Frameworks */ = {
			isa = PBXFrameworksBuildPhase;
			buildActionMask = 2147483647;
			files = (
			);
			runOnlyForDeploymentPostprocessing = 0;
		};
		571504072BFA62ED00647F88 /* Frameworks */ = {
			isa = PBXFrameworksBuildPhase;
			buildActionMask = 2147483647;
			files = (
			);
			runOnlyForDeploymentPostprocessing = 0;
		};
		571504112BFA62ED00647F88 /* Frameworks */ = {
			isa = PBXFrameworksBuildPhase;
			buildActionMask = 2147483647;
			files = (
			);
			runOnlyForDeploymentPostprocessing = 0;
		};
/* End PBXFrameworksBuildPhase section */

/* Begin PBXGroup section */
		571503F12BFA62EB00647F88 = {
			isa = PBXGroup;
			children = (
				571503FC2BFA62EB00647F88 /* ios-challenge */,
				5715040D2BFA62ED00647F88 /* ios-challengeTests */,
				571504172BFA62ED00647F88 /* ios-challengeUITests */,
				571503FB2BFA62EB00647F88 /* Products */,
			);
			sourceTree = "<group>";
		};
		571503FB2BFA62EB00647F88 /* Products */ = {
			isa = PBXGroup;
			children = (
				571503FA2BFA62EB00647F88 /* ios-challenge.app */,
				5715040A2BFA62ED00647F88 /* ios-challengeTests.xctest */,
				571504142BFA62ED00647F88 /* ios-challengeUITests.xctest */,
			);
			name = Products;
			sourceTree = "<group>";
		};
		571503FC2BFA62EB00647F88 /* ios-challenge */ = {
			isa = PBXGroup;
			children = (
				571504382BFA9F6800647F88 /* Services */,
				571504372BFA9F5800647F88 /* Utilities */,
				5715042B2BFA9CA300647F88 /* Features */,
				571503FD2BFA62EB00647F88 /* ios_challengeApp.swift */,
				571503FF2BFA62EB00647F88 /* ContentView.swift */,
				571504012BFA62ED00647F88 /* Assets.xcassets */,
				571504032BFA62ED00647F88 /* Preview Content */,
			);
			path = "ios-challenge";
			sourceTree = "<group>";
		};
		571504032BFA62ED00647F88 /* Preview Content */ = {
			isa = PBXGroup;
			children = (
				571504042BFA62ED00647F88 /* Preview Assets.xcassets */,
			);
			path = "Preview Content";
			sourceTree = "<group>";
		};
		5715040D2BFA62ED00647F88 /* ios-challengeTests */ = {
			isa = PBXGroup;
			children = (
				5715040E2BFA62ED00647F88 /* ios_challengeTests.swift */,
			);
			path = "ios-challengeTests";
			sourceTree = "<group>";
		};
		571504172BFA62ED00647F88 /* ios-challengeUITests */ = {
			isa = PBXGroup;
			children = (
				571504182BFA62ED00647F88 /* ios_challengeUITests.swift */,
				5715041A2BFA62ED00647F88 /* ios_challengeUITestsLaunchTests.swift */,
			);
			path = "ios-challengeUITests";
			sourceTree = "<group>";
		};
		571504272BFA93AB00647F88 /* View */ = {
			isa = PBXGroup;
			children = (
				571504332BFA9D6600647F88 /* PostListView.swift */,
				5715043B2BFAA46600647F88 /* PostItemView.swift */,
				571504412BFAB5AD00647F88 /* PostDetailView.swift */,
				571504432BFAB7F000647F88 /* TagLabelView.swift */,
			);
			path = View;
			sourceTree = "<group>";
		};
		5715042B2BFA9CA300647F88 /* Features */ = {
			isa = PBXGroup;
			children = (
				5715043D2BFAABD900647F88 /* User */,
				5715042C2BFA9CB200647F88 /* Post */,
			);
			path = Features;
			sourceTree = "<group>";
		};
		5715042C2BFA9CB200647F88 /* Post */ = {
			isa = PBXGroup;
			children = (
				571504302BFA9D1000647F88 /* ViewModel */,
				5715042D2BFA9CF600647F88 /* Model */,
				571504272BFA93AB00647F88 /* View */,
			);
			path = Post;
			sourceTree = "<group>";
		};
		5715042D2BFA9CF600647F88 /* Model */ = {
			isa = PBXGroup;
			children = (
				5715042E2BFA9D0100647F88 /* PostModel.swift */,
			);
			path = Model;
			sourceTree = "<group>";
		};
		571504302BFA9D1000647F88 /* ViewModel */ = {
			isa = PBXGroup;
			children = (
				571504352BFA9F3C00647F88 /* PostsViewModel.swift */,
			);
			path = ViewModel;
			sourceTree = "<group>";
		};
		571504372BFA9F5800647F88 /* Utilities */ = {
			isa = PBXGroup;
			children = (
				5715044F2BFACC9400647F88 /* Extensions.swift */,
			);
			path = Utilities;
			sourceTree = "<group>";
		};
		571504382BFA9F6800647F88 /* Services */ = {
			isa = PBXGroup;
			children = (
				571504392BFA9FB400647F88 /* APIservice.swift */,
			);
			path = Services;
			sourceTree = "<group>";
		};
		5715043D2BFAABD900647F88 /* User */ = {
			isa = PBXGroup;
			children = (
				571504482BFAC4FF00647F88 /* ViewModel */,
				571504452BFAC4C500647F88 /* View */,
				5715043E2BFAABE300647F88 /* Model */,
			);
			path = User;
			sourceTree = "<group>";
		};
		5715043E2BFAABE300647F88 /* Model */ = {
			isa = PBXGroup;
			children = (
				5715043F2BFAABEB00647F88 /* UserModel.swift */,
			);
			path = Model;
			sourceTree = "<group>";
		};
		571504452BFAC4C500647F88 /* View */ = {
			isa = PBXGroup;
			children = (
				571504462BFAC4D700647F88 /* UserListView.swift */,
				5715044B2BFAC5BF00647F88 /* UserItemView.swift */,
				5715044D2BFAC9C000647F88 /* UserDetailView.swift */,
				571504512BFADAFA00647F88 /* UserMapView.swift */,
			);
			path = View;
			sourceTree = "<group>";
		};
		571504482BFAC4FF00647F88 /* ViewModel */ = {
			isa = PBXGroup;
			children = (
				571504492BFAC50F00647F88 /* UsersViewModel.swift */,
			);
			path = ViewModel;
			sourceTree = "<group>";
		};
/* End PBXGroup section */

/* Begin PBXNativeTarget section */
		571503F92BFA62EB00647F88 /* ios-challenge */ = {
			isa = PBXNativeTarget;
			buildConfigurationList = 5715041E2BFA62ED00647F88 /* Build configuration list for PBXNativeTarget "ios-challenge" */;
			buildPhases = (
				571503F62BFA62EB00647F88 /* Sources */,
				571503F72BFA62EB00647F88 /* Frameworks */,
				571503F82BFA62EB00647F88 /* Resources */,
			);
			buildRules = (
			);
			dependencies = (
			);
			name = "ios-challenge";
			productName = "ios-challenge";
			productReference = 571503FA2BFA62EB00647F88 /* ios-challenge.app */;
			productType = "com.apple.product-type.application";
		};
		571504092BFA62ED00647F88 /* ios-challengeTests */ = {
			isa = PBXNativeTarget;
			buildConfigurationList = 571504212BFA62ED00647F88 /* Build configuration list for PBXNativeTarget "ios-challengeTests" */;
			buildPhases = (
				571504062BFA62ED00647F88 /* Sources */,
				571504072BFA62ED00647F88 /* Frameworks */,
				571504082BFA62ED00647F88 /* Resources */,
			);
			buildRules = (
			);
			dependencies = (
				5715040C2BFA62ED00647F88 /* PBXTargetDependency */,
			);
			name = "ios-challengeTests";
			productName = "ios-challengeTests";
			productReference = 5715040A2BFA62ED00647F88 /* ios-challengeTests.xctest */;
			productType = "com.apple.product-type.bundle.unit-test";
		};
		571504132BFA62ED00647F88 /* ios-challengeUITests */ = {
			isa = PBXNativeTarget;
			buildConfigurationList = 571504242BFA62ED00647F88 /* Build configuration list for PBXNativeTarget "ios-challengeUITests" */;
			buildPhases = (
				571504102BFA62ED00647F88 /* Sources */,
				571504112BFA62ED00647F88 /* Frameworks */,
				571504122BFA62ED00647F88 /* Resources */,
			);
			buildRules = (
			);
			dependencies = (
				571504162BFA62ED00647F88 /* PBXTargetDependency */,
			);
			name = "ios-challengeUITests";
			productName = "ios-challengeUITests";
			productReference = 571504142BFA62ED00647F88 /* ios-challengeUITests.xctest */;
			productType = "com.apple.product-type.bundle.ui-testing";
		};
/* End PBXNativeTarget section */

/* Begin PBXProject section */
		571503F22BFA62EB00647F88 /* Project object */ = {
			isa = PBXProject;
			attributes = {
				BuildIndependentTargetsInParallel = 1;
				LastSwiftUpdateCheck = 1540;
				LastUpgradeCheck = 1540;
				TargetAttributes = {
					571503F92BFA62EB00647F88 = {
						CreatedOnToolsVersion = 15.4;
					};
					571504092BFA62ED00647F88 = {
						CreatedOnToolsVersion = 15.4;
						TestTargetID = 571503F92BFA62EB00647F88;
					};
					571504132BFA62ED00647F88 = {
						CreatedOnToolsVersion = 15.4;
						TestTargetID = 571503F92BFA62EB00647F88;
					};
				};
			};
			buildConfigurationList = 571503F52BFA62EB00647F88 /* Build configuration list for PBXProject "ios-challenge" */;
			compatibilityVersion = "Xcode 14.0";
			developmentRegion = en;
			hasScannedForEncodings = 0;
			knownRegions = (
				en,
				Base,
			);
			mainGroup = 571503F12BFA62EB00647F88;
			productRefGroup = 571503FB2BFA62EB00647F88 /* Products */;
			projectDirPath = "";
			projectRoot = "";
			targets = (
				571503F92BFA62EB00647F88 /* ios-challenge */,
				571504092BFA62ED00647F88 /* ios-challengeTests */,
				571504132BFA62ED00647F88 /* ios-challengeUITests */,
			);
		};
/* End PBXProject section */

/* Begin PBXResourcesBuildPhase section */
		571503F82BFA62EB00647F88 /* Resources */ = {
			isa = PBXResourcesBuildPhase;
			buildActionMask = 2147483647;
			files = (
				571504052BFA62ED00647F88 /* Preview Assets.xcassets in Resources */,
				571504022BFA62ED00647F88 /* Assets.xcassets in Resources */,
			);
			runOnlyForDeploymentPostprocessing = 0;
		};
		571504082BFA62ED00647F88 /* Resources */ = {
			isa = PBXResourcesBuildPhase;
			buildActionMask = 2147483647;
			files = (
			);
			runOnlyForDeploymentPostprocessing = 0;
		};
		571504122BFA62ED00647F88 /* Resources */ = {
			isa = PBXResourcesBuildPhase;
			buildActionMask = 2147483647;
			files = (
			);
			runOnlyForDeploymentPostprocessing = 0;
		};
/* End PBXResourcesBuildPhase section */

/* Begin PBXSourcesBuildPhase section */
		571503F62BFA62EB00647F88 /* Sources */ = {
			isa = PBXSourcesBuildPhase;
			buildActionMask = 2147483647;
			files = (
				571504442BFAB7F000647F88 /* TagLabelView.swift in Sources */,
				5715044A2BFAC50F00647F88 /* UsersViewModel.swift in Sources */,
				571504422BFAB5AD00647F88 /* PostDetailView.swift in Sources */,
				5715043C2BFAA46600647F88 /* PostItemView.swift in Sources */,
				571504522BFADAFA00647F88 /* UserMapView.swift in Sources */,
				5715044E2BFAC9C000647F88 /* UserDetailView.swift in Sources */,
				571504002BFA62EB00647F88 /* ContentView.swift in Sources */,
				5715044C2BFAC5BF00647F88 /* UserItemView.swift in Sources */,
				571504402BFAABEB00647F88 /* UserModel.swift in Sources */,
				571504362BFA9F3C00647F88 /* PostsViewModel.swift in Sources */,
				5715043A2BFA9FB400647F88 /* APIservice.swift in Sources */,
				571504502BFACC9400647F88 /* Extensions.swift in Sources */,
				571504472BFAC4D700647F88 /* UserListView.swift in Sources */,
				5715042F2BFA9D0100647F88 /* PostModel.swift in Sources */,
				571504342BFA9D6600647F88 /* PostListView.swift in Sources */,
				571503FE2BFA62EB00647F88 /* ios_challengeApp.swift in Sources */,
			);
			runOnlyForDeploymentPostprocessing = 0;
		};
		571504062BFA62ED00647F88 /* Sources */ = {
			isa = PBXSourcesBuildPhase;
			buildActionMask = 2147483647;
			files = (
				5715040F2BFA62ED00647F88 /* ios_challengeTests.swift in Sources */,
			);
			runOnlyForDeploymentPostprocessing = 0;
		};
		571504102BFA62ED00647F88 /* Sources */ = {
			isa = PBXSourcesBuildPhase;
			buildActionMask = 2147483647;
			files = (
				5715041B2BFA62ED00647F88 /* ios_challengeUITestsLaunchTests.swift in Sources */,
				571504192BFA62ED00647F88 /* ios_challengeUITests.swift in Sources */,
			);
			runOnlyForDeploymentPostprocessing = 0;
		};
/* End PBXSourcesBuildPhase section */

/* Begin PBXTargetDependency section */
		5715040C2BFA62ED00647F88 /* PBXTargetDependency */ = {
			isa = PBXTargetDependency;
			target = 571503F92BFA62EB00647F88 /* ios-challenge */;
			targetProxy = 5715040B2BFA62ED00647F88 /* PBXContainerItemProxy */;
		};
		571504162BFA62ED00647F88 /* PBXTargetDependency */ = {
			isa = PBXTargetDependency;
			target = 571503F92BFA62EB00647F88 /* ios-challenge */;
			targetProxy = 571504152BFA62ED00647F88 /* PBXContainerItemProxy */;
		};
/* End PBXTargetDependency section */

/* Begin XCBuildConfiguration section */
		5715041C2BFA62ED00647F88 /* Debug */ = {
			isa = XCBuildConfiguration;
			buildSettings = {
				ALWAYS_SEARCH_USER_PATHS = NO;
				ASSETCATALOG_COMPILER_GENERATE_SWIFT_ASSET_SYMBOL_EXTENSIONS = YES;
				CLANG_ANALYZER_NONNULL = YES;
				CLANG_ANALYZER_NUMBER_OBJECT_CONVERSION = YES_AGGRESSIVE;
				CLANG_CXX_LANGUAGE_STANDARD = "gnu++20";
				CLANG_ENABLE_MODULES = YES;
				CLANG_ENABLE_OBJC_ARC = YES;
				CLANG_ENABLE_OBJC_WEAK = YES;
				CLANG_WARN_BLOCK_CAPTURE_AUTORELEASING = YES;
				CLANG_WARN_BOOL_CONVERSION = YES;
				CLANG_WARN_COMMA = YES;
				CLANG_WARN_CONSTANT_CONVERSION = YES;
				CLANG_WARN_DEPRECATED_OBJC_IMPLEMENTATIONS = YES;
				CLANG_WARN_DIRECT_OBJC_ISA_USAGE = YES_ERROR;
				CLANG_WARN_DOCUMENTATION_COMMENTS = YES;
				CLANG_WARN_EMPTY_BODY = YES;
				CLANG_WARN_ENUM_CONVERSION = YES;
				CLANG_WARN_INFINITE_RECURSION = YES;
				CLANG_WARN_INT_CONVERSION = YES;
				CLANG_WARN_NON_LITERAL_NULL_CONVERSION = YES;
				CLANG_WARN_OBJC_IMPLICIT_RETAIN_SELF = YES;
				CLANG_WARN_OBJC_LITERAL_CONVERSION = YES;
				CLANG_WARN_OBJC_ROOT_CLASS = YES_ERROR;
				CLANG_WARN_QUOTED_INCLUDE_IN_FRAMEWORK_HEADER = YES;
				CLANG_WARN_RANGE_LOOP_ANALYSIS = YES;
				CLANG_WARN_STRICT_PROTOTYPES = YES;
				CLANG_WARN_SUSPICIOUS_MOVE = YES;
				CLANG_WARN_UNGUARDED_AVAILABILITY = YES_AGGRESSIVE;
				CLANG_WARN_UNREACHABLE_CODE = YES;
				CLANG_WARN__DUPLICATE_METHOD_MATCH = YES;
				COPY_PHASE_STRIP = NO;
				DEBUG_INFORMATION_FORMAT = dwarf;
				ENABLE_STRICT_OBJC_MSGSEND = YES;
				ENABLE_TESTABILITY = YES;
				ENABLE_USER_SCRIPT_SANDBOXING = YES;
				GCC_C_LANGUAGE_STANDARD = gnu17;
				GCC_DYNAMIC_NO_PIC = NO;
				GCC_NO_COMMON_BLOCKS = YES;
				GCC_OPTIMIZATION_LEVEL = 0;
				GCC_PREPROCESSOR_DEFINITIONS = (
					"DEBUG=1",
					"$(inherited)",
				);
				GCC_WARN_64_TO_32_BIT_CONVERSION = YES;
				GCC_WARN_ABOUT_RETURN_TYPE = YES_ERROR;
				GCC_WARN_UNDECLARED_SELECTOR = YES;
				GCC_WARN_UNINITIALIZED_AUTOS = YES_AGGRESSIVE;
				GCC_WARN_UNUSED_FUNCTION = YES;
				GCC_WARN_UNUSED_VARIABLE = YES;
				IPHONEOS_DEPLOYMENT_TARGET = 17.5;
				LOCALIZATION_PREFERS_STRING_CATALOGS = YES;
				MTL_ENABLE_DEBUG_INFO = INCLUDE_SOURCE;
				MTL_FAST_MATH = YES;
				ONLY_ACTIVE_ARCH = YES;
				SDKROOT = iphoneos;
				SWIFT_ACTIVE_COMPILATION_CONDITIONS = "DEBUG $(inherited)";
				SWIFT_OPTIMIZATION_LEVEL = "-Onone";
			};
			name = Debug;
		};
		5715041D2BFA62ED00647F88 /* Release */ = {
			isa = XCBuildConfiguration;
			buildSettings = {
				ALWAYS_SEARCH_USER_PATHS = NO;
				ASSETCATALOG_COMPILER_GENERATE_SWIFT_ASSET_SYMBOL_EXTENSIONS = YES;
				CLANG_ANALYZER_NONNULL = YES;
				CLANG_ANALYZER_NUMBER_OBJECT_CONVERSION = YES_AGGRESSIVE;
				CLANG_CXX_LANGUAGE_STANDARD = "gnu++20";
				CLANG_ENABLE_MODULES = YES;
				CLANG_ENABLE_OBJC_ARC = YES;
				CLANG_ENABLE_OBJC_WEAK = YES;
				CLANG_WARN_BLOCK_CAPTURE_AUTORELEASING = YES;
				CLANG_WARN_BOOL_CONVERSION = YES;
				CLANG_WARN_COMMA = YES;
				CLANG_WARN_CONSTANT_CONVERSION = YES;
				CLANG_WARN_DEPRECATED_OBJC_IMPLEMENTATIONS = YES;
				CLANG_WARN_DIRECT_OBJC_ISA_USAGE = YES_ERROR;
				CLANG_WARN_DOCUMENTATION_COMMENTS = YES;
				CLANG_WARN_EMPTY_BODY = YES;
				CLANG_WARN_ENUM_CONVERSION = YES;
				CLANG_WARN_INFINITE_RECURSION = YES;
				CLANG_WARN_INT_CONVERSION = YES;
				CLANG_WARN_NON_LITERAL_NULL_CONVERSION = YES;
				CLANG_WARN_OBJC_IMPLICIT_RETAIN_SELF = YES;
				CLANG_WARN_OBJC_LITERAL_CONVERSION = YES;
				CLANG_WARN_OBJC_ROOT_CLASS = YES_ERROR;
				CLANG_WARN_QUOTED_INCLUDE_IN_FRAMEWORK_HEADER = YES;
				CLANG_WARN_RANGE_LOOP_ANALYSIS = YES;
				CLANG_WARN_STRICT_PROTOTYPES = YES;
				CLANG_WARN_SUSPICIOUS_MOVE = YES;
				CLANG_WARN_UNGUARDED_AVAILABILITY = YES_AGGRESSIVE;
				CLANG_WARN_UNREACHABLE_CODE = YES;
				CLANG_WARN__DUPLICATE_METHOD_MATCH = YES;
				COPY_PHASE_STRIP = NO;
				DEBUG_INFORMATION_FORMAT = "dwarf-with-dsym";
				ENABLE_NS_ASSERTIONS = NO;
				ENABLE_STRICT_OBJC_MSGSEND = YES;
				ENABLE_USER_SCRIPT_SANDBOXING = YES;
				GCC_C_LANGUAGE_STANDARD = gnu17;
				GCC_NO_COMMON_BLOCKS = YES;
				GCC_WARN_64_TO_32_BIT_CONVERSION = YES;
				GCC_WARN_ABOUT_RETURN_TYPE = YES_ERROR;
				GCC_WARN_UNDECLARED_SELECTOR = YES;
				GCC_WARN_UNINITIALIZED_AUTOS = YES_AGGRESSIVE;
				GCC_WARN_UNUSED_FUNCTION = YES;
				GCC_WARN_UNUSED_VARIABLE = YES;
				IPHONEOS_DEPLOYMENT_TARGET = 17.5;
				LOCALIZATION_PREFERS_STRING_CATALOGS = YES;
				MTL_ENABLE_DEBUG_INFO = NO;
				MTL_FAST_MATH = YES;
				SDKROOT = iphoneos;
				SWIFT_COMPILATION_MODE = wholemodule;
				VALIDATE_PRODUCT = YES;
			};
			name = Release;
		};
		5715041F2BFA62ED00647F88 /* Debug */ = {
			isa = XCBuildConfiguration;
			buildSettings = {
				ASSETCATALOG_COMPILER_APPICON_NAME = AppIcon;
				ASSETCATALOG_COMPILER_GLOBAL_ACCENT_COLOR_NAME = AccentColor;
				CODE_SIGN_STYLE = Automatic;
				CURRENT_PROJECT_VERSION = 1;
				DEVELOPMENT_ASSET_PATHS = "\"ios-challenge/Preview Content\"";
				DEVELOPMENT_TEAM = X54VQX86NN;
				ENABLE_PREVIEWS = YES;
				GENERATE_INFOPLIST_FILE = YES;
				INFOPLIST_KEY_UIApplicationSceneManifest_Generation = YES;
				INFOPLIST_KEY_UIApplicationSupportsIndirectInputEvents = YES;
				INFOPLIST_KEY_UILaunchScreen_Generation = YES;
				INFOPLIST_KEY_UISupportedInterfaceOrientations_iPad = "UIInterfaceOrientationPortrait UIInterfaceOrientationPortraitUpsideDown UIInterfaceOrientationLandscapeLeft UIInterfaceOrientationLandscapeRight";
				INFOPLIST_KEY_UISupportedInterfaceOrientations_iPhone = "UIInterfaceOrientationPortrait UIInterfaceOrientationLandscapeLeft UIInterfaceOrientationLandscapeRight";
				LD_RUNPATH_SEARCH_PATHS = (
					"$(inherited)",
					"@executable_path/Frameworks",
				);
				MARKETING_VERSION = 1.0;
				PRODUCT_BUNDLE_IDENTIFIER = "zelener.franco.ios-challenge";
				PRODUCT_NAME = "$(TARGET_NAME)";
				SWIFT_EMIT_LOC_STRINGS = YES;
				SWIFT_VERSION = 5.0;
				TARGETED_DEVICE_FAMILY = "1,2";
			};
			name = Debug;
		};
		571504202BFA62ED00647F88 /* Release */ = {
			isa = XCBuildConfiguration;
			buildSettings = {
				ASSETCATALOG_COMPILER_APPICON_NAME = AppIcon;
				ASSETCATALOG_COMPILER_GLOBAL_ACCENT_COLOR_NAME = AccentColor;
				CODE_SIGN_STYLE = Automatic;
				CURRENT_PROJECT_VERSION = 1;
				DEVELOPMENT_ASSET_PATHS = "\"ios-challenge/Preview Content\"";
				DEVELOPMENT_TEAM = X54VQX86NN;
				ENABLE_PREVIEWS = YES;
				GENERATE_INFOPLIST_FILE = YES;
				INFOPLIST_KEY_UIApplicationSceneManifest_Generation = YES;
				INFOPLIST_KEY_UIApplicationSupportsIndirectInputEvents = YES;
				INFOPLIST_KEY_UILaunchScreen_Generation = YES;
				INFOPLIST_KEY_UISupportedInterfaceOrientations_iPad = "UIInterfaceOrientationPortrait UIInterfaceOrientationPortraitUpsideDown UIInterfaceOrientationLandscapeLeft UIInterfaceOrientationLandscapeRight";
				INFOPLIST_KEY_UISupportedInterfaceOrientations_iPhone = "UIInterfaceOrientationPortrait UIInterfaceOrientationLandscapeLeft UIInterfaceOrientationLandscapeRight";
				LD_RUNPATH_SEARCH_PATHS = (
					"$(inherited)",
					"@executable_path/Frameworks",
				);
				MARKETING_VERSION = 1.0;
				PRODUCT_BUNDLE_IDENTIFIER = "zelener.franco.ios-challenge";
				PRODUCT_NAME = "$(TARGET_NAME)";
				SWIFT_EMIT_LOC_STRINGS = YES;
				SWIFT_VERSION = 5.0;
				TARGETED_DEVICE_FAMILY = "1,2";
			};
			name = Release;
		};
		571504222BFA62ED00647F88 /* Debug */ = {
			isa = XCBuildConfiguration;
			buildSettings = {
				ALWAYS_EMBED_SWIFT_STANDARD_LIBRARIES = YES;
				BUNDLE_LOADER = "$(TEST_HOST)";
				CODE_SIGN_STYLE = Automatic;
				CURRENT_PROJECT_VERSION = 1;
				DEVELOPMENT_TEAM = X54VQX86NN;
				GENERATE_INFOPLIST_FILE = YES;
				IPHONEOS_DEPLOYMENT_TARGET = 17.5;
				MARKETING_VERSION = 1.0;
				PRODUCT_BUNDLE_IDENTIFIER = "zelener.franco.ios-challengeTests";
				PRODUCT_NAME = "$(TARGET_NAME)";
				SWIFT_EMIT_LOC_STRINGS = NO;
				SWIFT_VERSION = 5.0;
				TARGETED_DEVICE_FAMILY = "1,2";
				TEST_HOST = "$(BUILT_PRODUCTS_DIR)/ios-challenge.app/$(BUNDLE_EXECUTABLE_FOLDER_PATH)/ios-challenge";
			};
			name = Debug;
		};
		571504232BFA62ED00647F88 /* Release */ = {
			isa = XCBuildConfiguration;
			buildSettings = {
				ALWAYS_EMBED_SWIFT_STANDARD_LIBRARIES = YES;
				BUNDLE_LOADER = "$(TEST_HOST)";
				CODE_SIGN_STYLE = Automatic;
				CURRENT_PROJECT_VERSION = 1;
				DEVELOPMENT_TEAM = X54VQX86NN;
				GENERATE_INFOPLIST_FILE = YES;
				IPHONEOS_DEPLOYMENT_TARGET = 17.5;
				MARKETING_VERSION = 1.0;
				PRODUCT_BUNDLE_IDENTIFIER = "zelener.franco.ios-challengeTests";
				PRODUCT_NAME = "$(TARGET_NAME)";
				SWIFT_EMIT_LOC_STRINGS = NO;
				SWIFT_VERSION = 5.0;
				TARGETED_DEVICE_FAMILY = "1,2";
				TEST_HOST = "$(BUILT_PRODUCTS_DIR)/ios-challenge.app/$(BUNDLE_EXECUTABLE_FOLDER_PATH)/ios-challenge";
			};
			name = Release;
		};
		571504252BFA62ED00647F88 /* Debug */ = {
			isa = XCBuildConfiguration;
			buildSettings = {
				ALWAYS_EMBED_SWIFT_STANDARD_LIBRARIES = YES;
				CODE_SIGN_STYLE = Automatic;
				CURRENT_PROJECT_VERSION = 1;
				DEVELOPMENT_TEAM = X54VQX86NN;
				GENERATE_INFOPLIST_FILE = YES;
				MARKETING_VERSION = 1.0;
				PRODUCT_BUNDLE_IDENTIFIER = "zelener.franco.ios-challengeUITests";
				PRODUCT_NAME = "$(TARGET_NAME)";
				SWIFT_EMIT_LOC_STRINGS = NO;
				SWIFT_VERSION = 5.0;
				TARGETED_DEVICE_FAMILY = "1,2";
				TEST_TARGET_NAME = "ios-challenge";
			};
			name = Debug;
		};
		571504262BFA62ED00647F88 /* Release */ = {
			isa = XCBuildConfiguration;
			buildSettings = {
				ALWAYS_EMBED_SWIFT_STANDARD_LIBRARIES = YES;
				CODE_SIGN_STYLE = Automatic;
				CURRENT_PROJECT_VERSION = 1;
				DEVELOPMENT_TEAM = X54VQX86NN;
				GENERATE_INFOPLIST_FILE = YES;
				MARKETING_VERSION = 1.0;
				PRODUCT_BUNDLE_IDENTIFIER = "zelener.franco.ios-challengeUITests";
				PRODUCT_NAME = "$(TARGET_NAME)";
				SWIFT_EMIT_LOC_STRINGS = NO;
				SWIFT_VERSION = 5.0;
				TARGETED_DEVICE_FAMILY = "1,2";
				TEST_TARGET_NAME = "ios-challenge";
			};
			name = Release;
		};
/* End XCBuildConfiguration section */

/* Begin XCConfigurationList section */
		571503F52BFA62EB00647F88 /* Build configuration list for PBXProject "ios-challenge" */ = {
			isa = XCConfigurationList;
			buildConfigurations = (
				5715041C2BFA62ED00647F88 /* Debug */,
				5715041D2BFA62ED00647F88 /* Release */,
			);
			defaultConfigurationIsVisible = 0;
			defaultConfigurationName = Release;
		};
		5715041E2BFA62ED00647F88 /* Build configuration list for PBXNativeTarget "ios-challenge" */ = {
			isa = XCConfigurationList;
			buildConfigurations = (
				5715041F2BFA62ED00647F88 /* Debug */,
				571504202BFA62ED00647F88 /* Release */,
			);
			defaultConfigurationIsVisible = 0;
			defaultConfigurationName = Release;
		};
		571504212BFA62ED00647F88 /* Build configuration list for PBXNativeTarget "ios-challengeTests" */ = {
			isa = XCConfigurationList;
			buildConfigurations = (
				571504222BFA62ED00647F88 /* Debug */,
				571504232BFA62ED00647F88 /* Release */,
			);
			defaultConfigurationIsVisible = 0;
			defaultConfigurationName = Release;
		};
		571504242BFA62ED00647F88 /* Build configuration list for PBXNativeTarget "ios-challengeUITests" */ = {
			isa = XCConfigurationList;
			buildConfigurations = (
				571504252BFA62ED00647F88 /* Debug */,
				571504262BFA62ED00647F88 /* Release */,
			);
			defaultConfigurationIsVisible = 0;
			defaultConfigurationName = Release;
		};
/* End XCConfigurationList section */
	};
	rootObject = 571503F22BFA62EB00647F88 /* Project object */;
}
